
Microsoft Visual Studio Solution File, Format Version 12.00
# Visual Studio Version 17
VisualStudioVersion = 17.5.002.0
MinimumVisualStudioVersion = 10.0.40219.1
Project("{9A19103F-16F7-4668-BE54-9A1E7A4F7556}") = "TypeModules", "TypeModules.csproj", "{0EE809CE-BC89-48E9-AD92-A73B0AE81207}"
EndProject
Global
	GlobalSection(SolutionConfigurationPlatforms) = preSolution
		Debug|Any CPU = Debug|Any CPU
		Release|Any CPU = Release|Any CPU
	EndGlobalSection
	GlobalSection(ProjectConfigurationPlatforms) = postSolution
		{0EE809CE-BC89-48E9-AD92-A73B0AE81207}.Debug|Any CPU.ActiveCfg = Debug|Any CPU
		{0EE809CE-BC89-48E9-AD92-A73B0AE81207}.Debug|Any CPU.Build.0 = Debug|Any CPU
		{0EE809CE-BC89-48E9-AD92-A73B0AE81207}.Release|Any CPU.ActiveCfg = Release|Any CPU
		{0EE809CE-BC89-48E9-AD92-A73B0AE81207}.Release|Any CPU.Build.0 = Release|Any CPU
	EndGlobalSection
	GlobalSection(SolutionProperties) = preSolution
		HideSolutionNode = FALSE
	EndGlobalSection
	GlobalSection(ExtensibilityGlobals) = postSolution
		SolutionGuid = {86150788-5A98-4BCB-853E-682B761DD605}
	EndGlobalSection
EndGlobal
